
Microsoft Visual Studio Solution File, Format Version 12.00
# Visual Studio Version 17
VisualStudioVersion = 17.0.31903.59
MinimumVisualStudioVersion = 10.0.40219.1
Project("{FAE04EC0-301F-11D3-BF4B-00C04F79EFBC}") = "StructuredProgramming", "StructuredProgramming\StructuredProgramming.csproj", "{6AB1C1D7-F40F-4951-BF89-31F8D93B112D}"
EndProject
Project("{FAE04EC0-301F-11D3-BF4B-00C04F79EFBC}") = "ObjectOrientedProgramming", "ObjectOrientedProgramming\ObjectOrientedProgramming.csproj", "{A6108CA8-6F5D-478E-8BA8-039464524666}"
EndProject
Project("{FAE04EC0-301F-11D3-BF4B-00C04F79EFBC}") = "FuncionalProgramming", "FuncionalProgramming\FuncionalProgramming.csproj", "{701C9A88-0BAA-4873-811F-8F3557D3768B}"
EndProject
Project("{FAE04EC0-301F-11D3-BF4B-00C04F79EFBC}") = "SOLID", "SOLID\SOLID.csproj", "{C4320311-A559-49AC-884D-68BF785516CD}"
EndProject
Project("{FAE04EC0-301F-11D3-BF4B-00C04F79EFBC}") = "TestComponent", "TestComponent\TestComponent.csproj", "{B87F96EA-BA52-4661-B5A2-607C47946072}"
EndProject
Project("{FAE04EC0-301F-11D3-BF4B-00C04F79EFBC}") = "OperationComponent", "OperationComponent\OperationComponent.csproj", "{E9A18510-A3D7-4ED9-9D1A-E87227D28C3C}"
EndProject
Project("{FAE04EC0-301F-11D3-BF4B-00C04F79EFBC}") = "BusinessComponent", "BusinessComponent\BusinessComponent.csproj", "{B4A1EC09-095D-4E9D-9576-C3E3A27811A6}"
EndProject
Project("{FAE04EC0-301F-11D3-BF4B-00C04F79EFBC}") = "RepositoryComponent", "RepositoryComponent\RepositoryComponent.csproj", "{6C69C78B-69FA-4538-97FC-DCBB2A884DC8}"
EndProject
Project("{2150E333-8FDC-42A3-9474-1A3956D46DE8}") = "Clean Architecture", "Clean Architecture", "{985D05B5-BBA9-4CE6-9C52-D385B52F4EEA}"
EndProject
Project("{FAE04EC0-301F-11D3-BF4B-00C04F79EFBC}") = "CA-EnterpriseLayer", "Clean Architecture\CA-EnterpriseLayer\CA-EnterpriseLayer.csproj", "{031B6C05-189E-4BFA-B49B-C5BF6A9B30F8}"
EndProject
Project("{FAE04EC0-301F-11D3-BF4B-00C04F79EFBC}") = "CA-ApplicationLayer", "Clean Architecture\CA-ApplicationLayer\CA-ApplicationLayer.csproj", "{D686595E-348F-4596-9833-98650767C5D3}"
EndProject
Project("{FAE04EC0-301F-11D3-BF4B-00C04F79EFBC}") = "CA-InterfaceAdapters-Data", "Clean Architecture\CA-InterfaceAdapters-Data\CA-InterfaceAdapters-Data.csproj", "{BA9771E3-2B85-4972-B525-DC1F09F0B54F}"
EndProject
Project("{FAE04EC0-301F-11D3-BF4B-00C04F79EFBC}") = "CA-InterfaceAdapters-Repository", "Clean Architecture\CA-InterfaceAdapters-Repository\CA-InterfaceAdapters-Repository.csproj", "{FC3D957B-C7EA-4751-AA87-B4A6A8B57A49}"
EndProject
Project("{FAE04EC0-301F-11D3-BF4B-00C04F79EFBC}") = "CA-FrameworksDrivers-API", "Clean Architecture\CA-FrameworksDrivers-API\CA-FrameworksDrivers-API.csproj", "{9B3DFF2B-6854-4019-B3A3-3EB6ED74DDD0}"
EndProject
Project("{FAE04EC0-301F-11D3-BF4B-00C04F79EFBC}") = "CA-InterfaceAdapters-Models", "Clean Architecture\CA-InterfaceAdapters-Models\CA-InterfaceAdapters-Models.csproj", "{87F0FABE-3E32-437A-AD43-04780EE5955E}"
EndProject
Project("{FAE04EC0-301F-11D3-BF4B-00C04F79EFBC}") = "CA-InterfaceAdapters-Presenters", "Clean Architecture\CA-InterfaceAdapters-Presenters\CA-InterfaceAdapters-Presenters.csproj", "{44BDFFC9-F423-40FA-A249-4CA6A9B44196}"
EndProject
Global
	GlobalSection(SolutionConfigurationPlatforms) = preSolution
		Debug|Any CPU = Debug|Any CPU
		Release|Any CPU = Release|Any CPU
	EndGlobalSection
	GlobalSection(ProjectConfigurationPlatforms) = postSolution
		{6AB1C1D7-F40F-4951-BF89-31F8D93B112D}.Debug|Any CPU.ActiveCfg = Debug|Any CPU
		{6AB1C1D7-F40F-4951-BF89-31F8D93B112D}.Debug|Any CPU.Build.0 = Debug|Any CPU
		{6AB1C1D7-F40F-4951-BF89-31F8D93B112D}.Release|Any CPU.ActiveCfg = Release|Any CPU
		{6AB1C1D7-F40F-4951-BF89-31F8D93B112D}.Release|Any CPU.Build.0 = Release|Any CPU
		{A6108CA8-6F5D-478E-8BA8-039464524666}.Debug|Any CPU.ActiveCfg = Debug|Any CPU
		{A6108CA8-6F5D-478E-8BA8-039464524666}.Debug|Any CPU.Build.0 = Debug|Any CPU
		{A6108CA8-6F5D-478E-8BA8-039464524666}.Release|Any CPU.ActiveCfg = Release|Any CPU
		{A6108CA8-6F5D-478E-8BA8-039464524666}.Release|Any CPU.Build.0 = Release|Any CPU
		{701C9A88-0BAA-4873-811F-8F3557D3768B}.Debug|Any CPU.ActiveCfg = Debug|Any CPU
		{701C9A88-0BAA-4873-811F-8F3557D3768B}.Debug|Any CPU.Build.0 = Debug|Any CPU
		{701C9A88-0BAA-4873-811F-8F3557D3768B}.Release|Any CPU.ActiveCfg = Release|Any CPU
		{701C9A88-0BAA-4873-811F-8F3557D3768B}.Release|Any CPU.Build.0 = Release|Any CPU
		{C4320311-A559-49AC-884D-68BF785516CD}.Debug|Any CPU.ActiveCfg = Debug|Any CPU
		{C4320311-A559-49AC-884D-68BF785516CD}.Debug|Any CPU.Build.0 = Debug|Any CPU
		{C4320311-A559-49AC-884D-68BF785516CD}.Release|Any CPU.ActiveCfg = Release|Any CPU
		{C4320311-A559-49AC-884D-68BF785516CD}.Release|Any CPU.Build.0 = Release|Any CPU
		{B87F96EA-BA52-4661-B5A2-607C47946072}.Debug|Any CPU.ActiveCfg = Debug|Any CPU
		{B87F96EA-BA52-4661-B5A2-607C47946072}.Debug|Any CPU.Build.0 = Debug|Any CPU
		{B87F96EA-BA52-4661-B5A2-607C47946072}.Release|Any CPU.ActiveCfg = Release|Any CPU
		{B87F96EA-BA52-4661-B5A2-607C47946072}.Release|Any CPU.Build.0 = Release|Any CPU
		{E9A18510-A3D7-4ED9-9D1A-E87227D28C3C}.Debug|Any CPU.ActiveCfg = Debug|Any CPU
		{E9A18510-A3D7-4ED9-9D1A-E87227D28C3C}.Debug|Any CPU.Build.0 = Debug|Any CPU
		{E9A18510-A3D7-4ED9-9D1A-E87227D28C3C}.Release|Any CPU.ActiveCfg = Release|Any CPU
		{E9A18510-A3D7-4ED9-9D1A-E87227D28C3C}.Release|Any CPU.Build.0 = Release|Any CPU
		{B4A1EC09-095D-4E9D-9576-C3E3A27811A6}.Debug|Any CPU.ActiveCfg = Debug|Any CPU
		{B4A1EC09-095D-4E9D-9576-C3E3A27811A6}.Debug|Any CPU.Build.0 = Debug|Any CPU
		{B4A1EC09-095D-4E9D-9576-C3E3A27811A6}.Release|Any CPU.ActiveCfg = Release|Any CPU
		{B4A1EC09-095D-4E9D-9576-C3E3A27811A6}.Release|Any CPU.Build.0 = Release|Any CPU
		{6C69C78B-69FA-4538-97FC-DCBB2A884DC8}.Debug|Any CPU.ActiveCfg = Debug|Any CPU
		{6C69C78B-69FA-4538-97FC-DCBB2A884DC8}.Debug|Any CPU.Build.0 = Debug|Any CPU
		{6C69C78B-69FA-4538-97FC-DCBB2A884DC8}.Release|Any CPU.ActiveCfg = Release|Any CPU
		{6C69C78B-69FA-4538-97FC-DCBB2A884DC8}.Release|Any CPU.Build.0 = Release|Any CPU
		{031B6C05-189E-4BFA-B49B-C5BF6A9B30F8}.Debug|Any CPU.ActiveCfg = Debug|Any CPU
		{031B6C05-189E-4BFA-B49B-C5BF6A9B30F8}.Debug|Any CPU.Build.0 = Debug|Any CPU
		{031B6C05-189E-4BFA-B49B-C5BF6A9B30F8}.Release|Any CPU.ActiveCfg = Release|Any CPU
		{031B6C05-189E-4BFA-B49B-C5BF6A9B30F8}.Release|Any CPU.Build.0 = Release|Any CPU
		{D686595E-348F-4596-9833-98650767C5D3}.Debug|Any CPU.ActiveCfg = Debug|Any CPU
		{D686595E-348F-4596-9833-98650767C5D3}.Debug|Any CPU.Build.0 = Debug|Any CPU
		{D686595E-348F-4596-9833-98650767C5D3}.Release|Any CPU.ActiveCfg = Release|Any CPU
		{D686595E-348F-4596-9833-98650767C5D3}.Release|Any CPU.Build.0 = Release|Any CPU
		{BA9771E3-2B85-4972-B525-DC1F09F0B54F}.Debug|Any CPU.ActiveCfg = Debug|Any CPU
		{BA9771E3-2B85-4972-B525-DC1F09F0B54F}.Debug|Any CPU.Build.0 = Debug|Any CPU
		{BA9771E3-2B85-4972-B525-DC1F09F0B54F}.Release|Any CPU.ActiveCfg = Release|Any CPU
		{BA9771E3-2B85-4972-B525-DC1F09F0B54F}.Release|Any CPU.Build.0 = Release|Any CPU
		{FC3D957B-C7EA-4751-AA87-B4A6A8B57A49}.Debug|Any CPU.ActiveCfg = Debug|Any CPU
		{FC3D957B-C7EA-4751-AA87-B4A6A8B57A49}.Debug|Any CPU.Build.0 = Debug|Any CPU
		{FC3D957B-C7EA-4751-AA87-B4A6A8B57A49}.Release|Any CPU.ActiveCfg = Release|Any CPU
		{FC3D957B-C7EA-4751-AA87-B4A6A8B57A49}.Release|Any CPU.Build.0 = Release|Any CPU
		{9B3DFF2B-6854-4019-B3A3-3EB6ED74DDD0}.Debug|Any CPU.ActiveCfg = Debug|Any CPU
		{9B3DFF2B-6854-4019-B3A3-3EB6ED74DDD0}.Debug|Any CPU.Build.0 = Debug|Any CPU
		{9B3DFF2B-6854-4019-B3A3-3EB6ED74DDD0}.Release|Any CPU.ActiveCfg = Release|Any CPU
		{9B3DFF2B-6854-4019-B3A3-3EB6ED74DDD0}.Release|Any CPU.Build.0 = Release|Any CPU
		{87F0FABE-3E32-437A-AD43-04780EE5955E}.Debug|Any CPU.ActiveCfg = Debug|Any CPU
		{87F0FABE-3E32-437A-AD43-04780EE5955E}.Debug|Any CPU.Build.0 = Debug|Any CPU
		{87F0FABE-3E32-437A-AD43-04780EE5955E}.Release|Any CPU.ActiveCfg = Release|Any CPU
		{87F0FABE-3E32-437A-AD43-04780EE5955E}.Release|Any CPU.Build.0 = Release|Any CPU
		{44BDFFC9-F423-40FA-A249-4CA6A9B44196}.Debug|Any CPU.ActiveCfg = Debug|Any CPU
		{44BDFFC9-F423-40FA-A249-4CA6A9B44196}.Debug|Any CPU.Build.0 = Debug|Any CPU
		{44BDFFC9-F423-40FA-A249-4CA6A9B44196}.Release|Any CPU.ActiveCfg = Release|Any CPU
		{44BDFFC9-F423-40FA-A249-4CA6A9B44196}.Release|Any CPU.Build.0 = Release|Any CPU
	EndGlobalSection
	GlobalSection(SolutionProperties) = preSolution
		HideSolutionNode = FALSE
	EndGlobalSection
	GlobalSection(NestedProjects) = preSolution
		{031B6C05-189E-4BFA-B49B-C5BF6A9B30F8} = {985D05B5-BBA9-4CE6-9C52-D385B52F4EEA}
		{D686595E-348F-4596-9833-98650767C5D3} = {985D05B5-BBA9-4CE6-9C52-D385B52F4EEA}
		{BA9771E3-2B85-4972-B525-DC1F09F0B54F} = {985D05B5-BBA9-4CE6-9C52-D385B52F4EEA}
		{FC3D957B-C7EA-4751-AA87-B4A6A8B57A49} = {985D05B5-BBA9-4CE6-9C52-D385B52F4EEA}
		{9B3DFF2B-6854-4019-B3A3-3EB6ED74DDD0} = {985D05B5-BBA9-4CE6-9C52-D385B52F4EEA}
		{87F0FABE-3E32-437A-AD43-04780EE5955E} = {985D05B5-BBA9-4CE6-9C52-D385B52F4EEA}
		{44BDFFC9-F423-40FA-A249-4CA6A9B44196} = {985D05B5-BBA9-4CE6-9C52-D385B52F4EEA}
	EndGlobalSection
EndGlobal
